
Microsoft Visual Studio Solution File, Format Version 12.00
# Visual Studio Version 17
VisualStudioVersion = 17.0.32014.148
MinimumVisualStudioVersion = 10.0.40219.1
Project("{9A19103F-16F7-4668-BE54-9A1E7A4F7556}") = "ToyRobot.App", "ToyRobot.App\ToyRobot.App.csproj", "{EC5F9268-6FFB-438C-ACD9-B3237109EE47}"
EndProject
Project("{9A19103F-16F7-4668-BE54-9A1E7A4F7556}") = "ToyRobot.Models", "ToyRobot.Models\ToyRobot.Models.csproj", "{08564D18-0475-4596-B6ED-50F15D78E709}"
EndProject
Project("{9A19103F-16F7-4668-BE54-9A1E7A4F7556}") = "ToyRobot.Tests", "ToyRobot.Tests\ToyRobot.Tests.csproj", "{B87F3B24-EB56-4C98-81E2-C80E6B1FA3A2}"
EndProject
Project("{FAE04EC0-301F-11D3-BF4B-00C04F79EFBC}") = "ToyRobot.Interface", "ToyRobot.Interface\ToyRobot.Interface.csproj", "{C941410D-368E-410C-B37B-274D67505DE2}"
EndProject
Global
	GlobalSection(SolutionConfigurationPlatforms) = preSolution
		Debug|Any CPU = Debug|Any CPU
		Debug|ARM = Debug|ARM
		Debug|ARM64 = Debug|ARM64
		Debug|x64 = Debug|x64
		Debug|x86 = Debug|x86
		Release|Any CPU = Release|Any CPU
		Release|ARM = Release|ARM
		Release|ARM64 = Release|ARM64
		Release|x64 = Release|x64
		Release|x86 = Release|x86
	EndGlobalSection
	GlobalSection(ProjectConfigurationPlatforms) = postSolution
		{EC5F9268-6FFB-438C-ACD9-B3237109EE47}.Debug|Any CPU.ActiveCfg = Debug|Any CPU
		{EC5F9268-6FFB-438C-ACD9-B3237109EE47}.Debug|Any CPU.Build.0 = Debug|Any CPU
		{EC5F9268-6FFB-438C-ACD9-B3237109EE47}.Debug|ARM.ActiveCfg = Debug|Any CPU
		{EC5F9268-6FFB-438C-ACD9-B3237109EE47}.Debug|ARM.Build.0 = Debug|Any CPU
		{EC5F9268-6FFB-438C-ACD9-B3237109EE47}.Debug|ARM64.ActiveCfg = Debug|Any CPU
		{EC5F9268-6FFB-438C-ACD9-B3237109EE47}.Debug|ARM64.Build.0 = Debug|Any CPU
		{EC5F9268-6FFB-438C-ACD9-B3237109EE47}.Debug|x64.ActiveCfg = Debug|Any CPU
		{EC5F9268-6FFB-438C-ACD9-B3237109EE47}.Debug|x64.Build.0 = Debug|Any CPU
		{EC5F9268-6FFB-438C-ACD9-B3237109EE47}.Debug|x86.ActiveCfg = Debug|Any CPU
		{EC5F9268-6FFB-438C-ACD9-B3237109EE47}.Debug|x86.Build.0 = Debug|Any CPU
		{EC5F9268-6FFB-438C-ACD9-B3237109EE47}.Release|Any CPU.ActiveCfg = Release|Any CPU
		{EC5F9268-6FFB-438C-ACD9-B3237109EE47}.Release|Any CPU.Build.0 = Release|Any CPU
		{EC5F9268-6FFB-438C-ACD9-B3237109EE47}.Release|ARM.ActiveCfg = Release|Any CPU
		{EC5F9268-6FFB-438C-ACD9-B3237109EE47}.Release|ARM.Build.0 = Release|Any CPU
		{EC5F9268-6FFB-438C-ACD9-B3237109EE47}.Release|ARM64.ActiveCfg = Release|Any CPU
		{EC5F9268-6FFB-438C-ACD9-B3237109EE47}.Release|ARM64.Build.0 = Release|Any CPU
		{EC5F9268-6FFB-438C-ACD9-B3237109EE47}.Release|x64.ActiveCfg = Release|Any CPU
		{EC5F9268-6FFB-438C-ACD9-B3237109EE47}.Release|x64.Build.0 = Release|Any CPU
		{EC5F9268-6FFB-438C-ACD9-B3237109EE47}.Release|x86.ActiveCfg = Release|Any CPU
		{EC5F9268-6FFB-438C-ACD9-B3237109EE47}.Release|x86.Build.0 = Release|Any CPU
		{08564D18-0475-4596-B6ED-50F15D78E709}.Debug|Any CPU.ActiveCfg = Debug|Any CPU
		{08564D18-0475-4596-B6ED-50F15D78E709}.Debug|Any CPU.Build.0 = Debug|Any CPU
		{08564D18-0475-4596-B6ED-50F15D78E709}.Debug|ARM.ActiveCfg = Debug|Any CPU
		{08564D18-0475-4596-B6ED-50F15D78E709}.Debug|ARM.Build.0 = Debug|Any CPU
		{08564D18-0475-4596-B6ED-50F15D78E709}.Debug|ARM64.ActiveCfg = Debug|Any CPU
		{08564D18-0475-4596-B6ED-50F15D78E709}.Debug|ARM64.Build.0 = Debug|Any CPU
		{08564D18-0475-4596-B6ED-50F15D78E709}.Debug|x64.ActiveCfg = Debug|Any CPU
		{08564D18-0475-4596-B6ED-50F15D78E709}.Debug|x64.Build.0 = Debug|Any CPU
		{08564D18-0475-4596-B6ED-50F15D78E709}.Debug|x86.ActiveCfg = Debug|Any CPU
		{08564D18-0475-4596-B6ED-50F15D78E709}.Debug|x86.Build.0 = Debug|Any CPU
		{08564D18-0475-4596-B6ED-50F15D78E709}.Release|Any CPU.ActiveCfg = Release|Any CPU
		{08564D18-0475-4596-B6ED-50F15D78E709}.Release|Any CPU.Build.0 = Release|Any CPU
		{08564D18-0475-4596-B6ED-50F15D78E709}.Release|ARM.ActiveCfg = Release|Any CPU
		{08564D18-0475-4596-B6ED-50F15D78E709}.Release|ARM.Build.0 = Release|Any CPU
		{08564D18-0475-4596-B6ED-50F15D78E709}.Release|ARM64.ActiveCfg = Release|Any CPU
		{08564D18-0475-4596-B6ED-50F15D78E709}.Release|ARM64.Build.0 = Release|Any CPU
		{08564D18-0475-4596-B6ED-50F15D78E709}.Release|x64.ActiveCfg = Release|Any CPU
		{08564D18-0475-4596-B6ED-50F15D78E709}.Release|x64.Build.0 = Release|Any CPU
		{08564D18-0475-4596-B6ED-50F15D78E709}.Release|x86.ActiveCfg = Release|Any CPU
		{08564D18-0475-4596-B6ED-50F15D78E709}.Release|x86.Build.0 = Release|Any CPU
		{B87F3B24-EB56-4C98-81E2-C80E6B1FA3A2}.Debug|Any CPU.ActiveCfg = Debug|Any CPU
		{B87F3B24-EB56-4C98-81E2-C80E6B1FA3A2}.Debug|Any CPU.Build.0 = Debug|Any CPU
		{B87F3B24-EB56-4C98-81E2-C80E6B1FA3A2}.Debug|ARM.ActiveCfg = Debug|Any CPU
		{B87F3B24-EB56-4C98-81E2-C80E6B1FA3A2}.Debug|ARM.Build.0 = Debug|Any CPU
		{B87F3B24-EB56-4C98-81E2-C80E6B1FA3A2}.Debug|ARM64.ActiveCfg = Debug|Any CPU
		{B87F3B24-EB56-4C98-81E2-C80E6B1FA3A2}.Debug|ARM64.Build.0 = Debug|Any CPU
		{B87F3B24-EB56-4C98-81E2-C80E6B1FA3A2}.Debug|x64.ActiveCfg = Debug|Any CPU
		{B87F3B24-EB56-4C98-81E2-C80E6B1FA3A2}.Debug|x64.Build.0 = Debug|Any CPU
		{B87F3B24-EB56-4C98-81E2-C80E6B1FA3A2}.Debug|x86.ActiveCfg = Debug|Any CPU
		{B87F3B24-EB56-4C98-81E2-C80E6B1FA3A2}.Debug|x86.Build.0 = Debug|Any CPU
		{B87F3B24-EB56-4C98-81E2-C80E6B1FA3A2}.Release|Any CPU.ActiveCfg = Release|Any CPU
		{B87F3B24-EB56-4C98-81E2-C80E6B1FA3A2}.Release|Any CPU.Build.0 = Release|Any CPU
		{B87F3B24-EB56-4C98-81E2-C80E6B1FA3A2}.Release|ARM.ActiveCfg = Release|Any CPU
		{B87F3B24-EB56-4C98-81E2-C80E6B1FA3A2}.Release|ARM.Build.0 = Release|Any CPU
		{B87F3B24-EB56-4C98-81E2-C80E6B1FA3A2}.Release|ARM64.ActiveCfg = Release|Any CPU
		{B87F3B24-EB56-4C98-81E2-C80E6B1FA3A2}.Release|ARM64.Build.0 = Release|Any CPU
		{B87F3B24-EB56-4C98-81E2-C80E6B1FA3A2}.Release|x64.ActiveCfg = Release|Any CPU
		{B87F3B24-EB56-4C98-81E2-C80E6B1FA3A2}.Release|x64.Build.0 = Release|Any CPU
		{B87F3B24-EB56-4C98-81E2-C80E6B1FA3A2}.Release|x86.ActiveCfg = Release|Any CPU
		{B87F3B24-EB56-4C98-81E2-C80E6B1FA3A2}.Release|x86.Build.0 = Release|Any CPU
		{C941410D-368E-410C-B37B-274D67505DE2}.Debug|Any CPU.ActiveCfg = Debug|x64
		{C941410D-368E-410C-B37B-274D67505DE2}.Debug|Any CPU.Build.0 = Debug|x64
		{C941410D-368E-410C-B37B-274D67505DE2}.Debug|Any CPU.Deploy.0 = Debug|x64
		{C941410D-368E-410C-B37B-274D67505DE2}.Debug|ARM.ActiveCfg = Debug|ARM
		{C941410D-368E-410C-B37B-274D67505DE2}.Debug|ARM.Build.0 = Debug|ARM
		{C941410D-368E-410C-B37B-274D67505DE2}.Debug|ARM.Deploy.0 = Debug|ARM
		{C941410D-368E-410C-B37B-274D67505DE2}.Debug|ARM64.ActiveCfg = Debug|ARM64
		{C941410D-368E-410C-B37B-274D67505DE2}.Debug|ARM64.Build.0 = Debug|ARM64
		{C941410D-368E-410C-B37B-274D67505DE2}.Debug|ARM64.Deploy.0 = Debug|ARM64
		{C941410D-368E-410C-B37B-274D67505DE2}.Debug|x64.ActiveCfg = Debug|x64
		{C941410D-368E-410C-B37B-274D67505DE2}.Debug|x64.Build.0 = Debug|x64
		{C941410D-368E-410C-B37B-274D67505DE2}.Debug|x64.Deploy.0 = Debug|x64
		{C941410D-368E-410C-B37B-274D67505DE2}.Debug|x86.ActiveCfg = Debug|x86
		{C941410D-368E-410C-B37B-274D67505DE2}.Debug|x86.Build.0 = Debug|x86
		{C941410D-368E-410C-B37B-274D67505DE2}.Debug|x86.Deploy.0 = Debug|x86
		{C941410D-368E-410C-B37B-274D67505DE2}.Release|Any CPU.ActiveCfg = Release|x64
		{C941410D-368E-410C-B37B-274D67505DE2}.Release|Any CPU.Build.0 = Release|x64
		{C941410D-368E-410C-B37B-274D67505DE2}.Release|Any CPU.Deploy.0 = Release|x64
		{C941410D-368E-410C-B37B-274D67505DE2}.Release|ARM.ActiveCfg = Release|ARM
		{C941410D-368E-410C-B37B-274D67505DE2}.Release|ARM.Build.0 = Release|ARM
		{C941410D-368E-410C-B37B-274D67505DE2}.Release|ARM.Deploy.0 = Release|ARM
		{C941410D-368E-410C-B37B-274D67505DE2}.Release|ARM64.ActiveCfg = Release|ARM64
		{C941410D-368E-410C-B37B-274D67505DE2}.Release|ARM64.Build.0 = Release|ARM64
		{C941410D-368E-410C-B37B-274D67505DE2}.Release|ARM64.Deploy.0 = Release|ARM64
		{C941410D-368E-410C-B37B-274D67505DE2}.Release|x64.ActiveCfg = Release|x64
		{C941410D-368E-410C-B37B-274D67505DE2}.Release|x64.Build.0 = Release|x64
		{C941410D-368E-410C-B37B-274D67505DE2}.Release|x64.Deploy.0 = Release|x64
		{C941410D-368E-410C-B37B-274D67505DE2}.Release|x86.ActiveCfg = Release|x86
		{C941410D-368E-410C-B37B-274D67505DE2}.Release|x86.Build.0 = Release|x86
		{C941410D-368E-410C-B37B-274D67505DE2}.Release|x86.Deploy.0 = Release|x86
	EndGlobalSection
	GlobalSection(SolutionProperties) = preSolution
		HideSolutionNode = FALSE
	EndGlobalSection
	GlobalSection(ExtensibilityGlobals) = postSolution
		SolutionGuid = {15C828E7-7105-448F-973C-C4403E8A4C4B}
	EndGlobalSection
EndGlobal
